
Microsoft Visual Studio Solution File, Format Version 12.00
# Visual Studio Version 17
VisualStudioVersion = 17.14.36109.1 d17.14
MinimumVisualStudioVersion = 10.0.40219.1
Project("{FAE04EC0-301F-11D3-BF4B-00C04F79EFBC}") = "Prueba_SCISA_Pokemon", "Prueba_SCISA_Pokemon\Prueba_SCISA_Pokemon.csproj", "{7C30608E-30FA-48A7-9219-5BC8FECA976C}"
EndProject
Global
	GlobalSection(SolutionConfigurationPlatforms) = preSolution
		Debug|Any CPU = Debug|Any CPU
		Release|Any CPU = Release|Any CPU
	EndGlobalSection
	GlobalSection(ProjectConfigurationPlatforms) = postSolution
		{7C30608E-30FA-48A7-9219-5BC8FECA976C}.Debug|Any CPU.ActiveCfg = Debug|Any CPU
		{7C30608E-30FA-48A7-9219-5BC8FECA976C}.Debug|Any CPU.Build.0 = Debug|Any CPU
		{7C30608E-30FA-48A7-9219-5BC8FECA976C}.Release|Any CPU.ActiveCfg = Release|Any CPU
		{7C30608E-30FA-48A7-9219-5BC8FECA976C}.Release|Any CPU.Build.0 = Release|Any CPU
	EndGlobalSection
	GlobalSection(SolutionProperties) = preSolution
		HideSolutionNode = FALSE
	EndGlobalSection
	GlobalSection(ExtensibilityGlobals) = postSolution
		SolutionGuid = {47CD5134-0D86-43F7-89D7-86DE8582A080}
	EndGlobalSection
EndGlobal
